
Microsoft Visual Studio Solution File, Format Version 12.00
# Visual Studio 15
VisualStudioVersion = 15.0.26124.0
MinimumVisualStudioVersion = 15.0.26124.0
Project("{FAE04EC0-301F-11D3-BF4B-00C04F79EFBC}") = "PaymentContext.Domain", "PaymentContext.Domain\PaymentContext.Domain.csproj", "{C2B4B1E6-AEA5-4D18-B876-E3760C8F90BA}"
EndProject
Project("{FAE04EC0-301F-11D3-BF4B-00C04F79EFBC}") = "PaymentContext.Shared", "PaymentContext.Shared\PaymentContext.Shared.csproj", "{FABA8713-E249-45BE-B679-BC9786796623}"
EndProject
Project("{FAE04EC0-301F-11D3-BF4B-00C04F79EFBC}") = "PaymentContext.Tests", "PaymentContext.Tests\PaymentContext.Tests.csproj", "{29A4D23E-BD57-4F26-9996-E8EBBC365299}"
EndProject
Global
	GlobalSection(SolutionConfigurationPlatforms) = preSolution
		Debug|Any CPU = Debug|Any CPU
		Debug|x64 = Debug|x64
		Debug|x86 = Debug|x86
		Release|Any CPU = Release|Any CPU
		Release|x64 = Release|x64
		Release|x86 = Release|x86
	EndGlobalSection
	GlobalSection(SolutionProperties) = preSolution
		HideSolutionNode = FALSE
	EndGlobalSection
	GlobalSection(ProjectConfigurationPlatforms) = postSolution
		{C2B4B1E6-AEA5-4D18-B876-E3760C8F90BA}.Debug|Any CPU.ActiveCfg = Debug|Any CPU
		{C2B4B1E6-AEA5-4D18-B876-E3760C8F90BA}.Debug|Any CPU.Build.0 = Debug|Any CPU
		{C2B4B1E6-AEA5-4D18-B876-E3760C8F90BA}.Debug|x64.ActiveCfg = Debug|Any CPU
		{C2B4B1E6-AEA5-4D18-B876-E3760C8F90BA}.Debug|x64.Build.0 = Debug|Any CPU
		{C2B4B1E6-AEA5-4D18-B876-E3760C8F90BA}.Debug|x86.ActiveCfg = Debug|Any CPU
		{C2B4B1E6-AEA5-4D18-B876-E3760C8F90BA}.Debug|x86.Build.0 = Debug|Any CPU
		{C2B4B1E6-AEA5-4D18-B876-E3760C8F90BA}.Release|Any CPU.ActiveCfg = Release|Any CPU
		{C2B4B1E6-AEA5-4D18-B876-E3760C8F90BA}.Release|Any CPU.Build.0 = Release|Any CPU
		{C2B4B1E6-AEA5-4D18-B876-E3760C8F90BA}.Release|x64.ActiveCfg = Release|Any CPU
		{C2B4B1E6-AEA5-4D18-B876-E3760C8F90BA}.Release|x64.Build.0 = Release|Any CPU
		{C2B4B1E6-AEA5-4D18-B876-E3760C8F90BA}.Release|x86.ActiveCfg = Release|Any CPU
		{C2B4B1E6-AEA5-4D18-B876-E3760C8F90BA}.Release|x86.Build.0 = Release|Any CPU
		{FABA8713-E249-45BE-B679-BC9786796623}.Debug|Any CPU.ActiveCfg = Debug|Any CPU
		{FABA8713-E249-45BE-B679-BC9786796623}.Debug|Any CPU.Build.0 = Debug|Any CPU
		{FABA8713-E249-45BE-B679-BC9786796623}.Debug|x64.ActiveCfg = Debug|Any CPU
		{FABA8713-E249-45BE-B679-BC9786796623}.Debug|x64.Build.0 = Debug|Any CPU
		{FABA8713-E249-45BE-B679-BC9786796623}.Debug|x86.ActiveCfg = Debug|Any CPU
		{FABA8713-E249-45BE-B679-BC9786796623}.Debug|x86.Build.0 = Debug|Any CPU
		{FABA8713-E249-45BE-B679-BC9786796623}.Release|Any CPU.ActiveCfg = Release|Any CPU
		{FABA8713-E249-45BE-B679-BC9786796623}.Release|Any CPU.Build.0 = Release|Any CPU
		{FABA8713-E249-45BE-B679-BC9786796623}.Release|x64.ActiveCfg = Release|Any CPU
		{FABA8713-E249-45BE-B679-BC9786796623}.Release|x64.Build.0 = Release|Any CPU
		{FABA8713-E249-45BE-B679-BC9786796623}.Release|x86.ActiveCfg = Release|Any CPU
		{FABA8713-E249-45BE-B679-BC9786796623}.Release|x86.Build.0 = Release|Any CPU
		{29A4D23E-BD57-4F26-9996-E8EBBC365299}.Debug|Any CPU.ActiveCfg = Debug|Any CPU
		{29A4D23E-BD57-4F26-9996-E8EBBC365299}.Debug|Any CPU.Build.0 = Debug|Any CPU
		{29A4D23E-BD57-4F26-9996-E8EBBC365299}.Debug|x64.ActiveCfg = Debug|Any CPU
		{29A4D23E-BD57-4F26-9996-E8EBBC365299}.Debug|x64.Build.0 = Debug|Any CPU
		{29A4D23E-BD57-4F26-9996-E8EBBC365299}.Debug|x86.ActiveCfg = Debug|Any CPU
		{29A4D23E-BD57-4F26-9996-E8EBBC365299}.Debug|x86.Build.0 = Debug|Any CPU
		{29A4D23E-BD57-4F26-9996-E8EBBC365299}.Release|Any CPU.ActiveCfg = Release|Any CPU
		{29A4D23E-BD57-4F26-9996-E8EBBC365299}.Release|Any CPU.Build.0 = Release|Any CPU
		{29A4D23E-BD57-4F26-9996-E8EBBC365299}.Release|x64.ActiveCfg = Release|Any CPU
		{29A4D23E-BD57-4F26-9996-E8EBBC365299}.Release|x64.Build.0 = Release|Any CPU
		{29A4D23E-BD57-4F26-9996-E8EBBC365299}.Release|x86.ActiveCfg = Release|Any CPU
		{29A4D23E-BD57-4F26-9996-E8EBBC365299}.Release|x86.Build.0 = Release|Any CPU
	EndGlobalSection
EndGlobal
