
Microsoft Visual Studio Solution File, Format Version 12.00
# Visual Studio Version 16
VisualStudioVersion = 16.0.30907.101
MinimumVisualStudioVersion = 10.0.40219.1
Project("{FAE04EC0-301F-11D3-BF4B-00C04F79EFBC}") = "HelloWorld", "HelloWorld\HelloWorld.csproj", "{C39DEDD5-3055-4E6A-8B56-E746DB636032}"
EndProject
Global
	GlobalSection(SolutionConfigurationPlatforms) = preSolution
		Debug|Any CPU = Debug|Any CPU
		Release|Any CPU = Release|Any CPU
	EndGlobalSection
	GlobalSection(ProjectConfigurationPlatforms) = postSolution
		{C39DEDD5-3055-4E6A-8B56-E746DB636032}.Debug|Any CPU.ActiveCfg = Debug|Any CPU
		{C39DEDD5-3055-4E6A-8B56-E746DB636032}.Debug|Any CPU.Build.0 = Debug|Any CPU
		{C39DEDD5-3055-4E6A-8B56-E746DB636032}.Release|Any CPU.ActiveCfg = Release|Any CPU
		{C39DEDD5-3055-4E6A-8B56-E746DB636032}.Release|Any CPU.Build.0 = Release|Any CPU
	EndGlobalSection
	GlobalSection(SolutionProperties) = preSolution
		HideSolutionNode = FALSE
	EndGlobalSection
	GlobalSection(ExtensibilityGlobals) = postSolution
		SolutionGuid = {7D506755-10F6-44E7-ADCD-6BBA3CBD5FD1}
	EndGlobalSection
EndGlobal
